// !$*UTF8*$!
{
	archiveVersion = 1;
	classes = {
	};
	objectVersion = 46;
	objects = {

/* Begin PBXBuildFile section */
		DC034FCC1CA0E8F800A00886 /* Stage.swift in Sources */ = {isa = PBXBuildFile; fileRef = DC034FCB1CA0E8F800A00886 /* Stage.swift */; };
		DC174AA51CA3001800F26652 /* DoorViewAnimations.swift in Sources */ = {isa = PBXBuildFile; fileRef = DC174AA41CA3001800F26652 /* DoorViewAnimations.swift */; };
		DC31DC911C83F93E00B7BFAC /* AppDelegate.swift in Sources */ = {isa = PBXBuildFile; fileRef = DC31DC901C83F93E00B7BFAC /* AppDelegate.swift */; };
		DC31DC931C83F93E00B7BFAC /* ViewController.swift in Sources */ = {isa = PBXBuildFile; fileRef = DC31DC921C83F93E00B7BFAC /* ViewController.swift */; };
		DC31DC961C83F93E00B7BFAC /* Main.storyboard in Resources */ = {isa = PBXBuildFile; fileRef = DC31DC941C83F93E00B7BFAC /* Main.storyboard */; };
		DC31DC981C83F93E00B7BFAC /* Assets.xcassets in Resources */ = {isa = PBXBuildFile; fileRef = DC31DC971C83F93E00B7BFAC /* Assets.xcassets */; };
		DC31DC9B1C83F93E00B7BFAC /* LaunchScreen.storyboard in Resources */ = {isa = PBXBuildFile; fileRef = DC31DC991C83F93E00B7BFAC /* LaunchScreen.storyboard */; };
		DC31DCA61C83F93F00B7BFAC /* PushToPullPracticeTests.swift in Sources */ = {isa = PBXBuildFile; fileRef = DC31DCA51C83F93F00B7BFAC /* PushToPullPracticeTests.swift */; };
		DC31DCB11C83F93F00B7BFAC /* PushToPullPracticeUITests.swift in Sources */ = {isa = PBXBuildFile; fileRef = DC31DCB01C83F93F00B7BFAC /* PushToPullPracticeUITests.swift */; };
		DC5386A41C88EB5B00999F49 /* Door.swift in Sources */ = {isa = PBXBuildFile; fileRef = DC5386A31C88EB5B00999F49 /* Door.swift */; };
		DC5386A91C8A026500999F49 /* DoorView.swift in Sources */ = {isa = PBXBuildFile; fileRef = DC5386A81C8A026500999F49 /* DoorView.swift */; };
/* End PBXBuildFile section */

/* Begin PBXContainerItemProxy section */
		DC31DCA21C83F93F00B7BFAC /* PBXContainerItemProxy */ = {
			isa = PBXContainerItemProxy;
			containerPortal = DC31DC851C83F93E00B7BFAC /* Project object */;
			proxyType = 1;
			remoteGlobalIDString = DC31DC8C1C83F93E00B7BFAC;
			remoteInfo = PushToPullPractice;
		};
		DC31DCAD1C83F93F00B7BFAC /* PBXContainerItemProxy */ = {
			isa = PBXContainerItemProxy;
			containerPortal = DC31DC851C83F93E00B7BFAC /* Project object */;
			proxyType = 1;
			remoteGlobalIDString = DC31DC8C1C83F93E00B7BFAC;
			remoteInfo = PushToPullPractice;
		};
/* End PBXContainerItemProxy section */

/* Begin PBXFileReference section */
		DC034FCB1CA0E8F800A00886 /* Stage.swift */ = {isa = PBXFileReference; fileEncoding = 4; lastKnownFileType = sourcecode.swift; path = Stage.swift; sourceTree = "<group>"; };
		DC174AA41CA3001800F26652 /* DoorViewAnimations.swift */ = {isa = PBXFileReference; fileEncoding = 4; lastKnownFileType = sourcecode.swift; path = DoorViewAnimations.swift; sourceTree = "<group>"; };
		DC31DC8D1C83F93E00B7BFAC /* PushToPullPractice.app */ = {isa = PBXFileReference; explicitFileType = wrapper.application; includeInIndex = 0; path = PushToPullPractice.app; sourceTree = BUILT_PRODUCTS_DIR; };
		DC31DC901C83F93E00B7BFAC /* AppDelegate.swift */ = {isa = PBXFileReference; lastKnownFileType = sourcecode.swift; path = AppDelegate.swift; sourceTree = "<group>"; };
		DC31DC921C83F93E00B7BFAC /* ViewController.swift */ = {isa = PBXFileReference; lastKnownFileType = sourcecode.swift; path = ViewController.swift; sourceTree = "<group>"; };
		DC31DC951C83F93E00B7BFAC /* Base */ = {isa = PBXFileReference; lastKnownFileType = file.storyboard; name = Base; path = Base.lproj/Main.storyboard; sourceTree = "<group>"; };
		DC31DC971C83F93E00B7BFAC /* Assets.xcassets */ = {isa = PBXFileReference; lastKnownFileType = folder.assetcatalog; path = Assets.xcassets; sourceTree = "<group>"; };
		DC31DC9A1C83F93E00B7BFAC /* Base */ = {isa = PBXFileReference; lastKnownFileType = file.storyboard; name = Base; path = Base.lproj/LaunchScreen.storyboard; sourceTree = "<group>"; };
		DC31DC9C1C83F93E00B7BFAC /* Info.plist */ = {isa = PBXFileReference; lastKnownFileType = text.plist.xml; path = Info.plist; sourceTree = "<group>"; };
		DC31DCA11C83F93F00B7BFAC /* PushToPullPracticeTests.xctest */ = {isa = PBXFileReference; explicitFileType = wrapper.cfbundle; includeInIndex = 0; path = PushToPullPracticeTests.xctest; sourceTree = BUILT_PRODUCTS_DIR; };
		DC31DCA51C83F93F00B7BFAC /* PushToPullPracticeTests.swift */ = {isa = PBXFileReference; lastKnownFileType = sourcecode.swift; path = PushToPullPracticeTests.swift; sourceTree = "<group>"; };
		DC31DCA71C83F93F00B7BFAC /* Info.plist */ = {isa = PBXFileReference; lastKnownFileType = text.plist.xml; path = Info.plist; sourceTree = "<group>"; };
		DC31DCAC1C83F93F00B7BFAC /* PushToPullPracticeUITests.xctest */ = {isa = PBXFileReference; explicitFileType = wrapper.cfbundle; includeInIndex = 0; path = PushToPullPracticeUITests.xctest; sourceTree = BUILT_PRODUCTS_DIR; };
		DC31DCB01C83F93F00B7BFAC /* PushToPullPracticeUITests.swift */ = {isa = PBXFileReference; lastKnownFileType = sourcecode.swift; path = PushToPullPracticeUITests.swift; sourceTree = "<group>"; };
		DC31DCB21C83F93F00B7BFAC /* Info.plist */ = {isa = PBXFileReference; lastKnownFileType = text.plist.xml; path = Info.plist; sourceTree = "<group>"; };
		DC5386A31C88EB5B00999F49 /* Door.swift */ = {isa = PBXFileReference; fileEncoding = 4; lastKnownFileType = sourcecode.swift; name = Door.swift; path = ../Door.swift; sourceTree = "<group>"; };
		DC5386A51C88FBEF00999F49 /* DoorPractice.playground */ = {isa = PBXFileReference; lastKnownFileType = file.playground; path = DoorPractice.playground; sourceTree = "<group>"; };
		DC5386A81C8A026500999F49 /* DoorView.swift */ = {isa = PBXFileReference; fileEncoding = 4; lastKnownFileType = sourcecode.swift; name = DoorView.swift; path = ../DoorView.swift; sourceTree = "<group>"; };
/* End PBXFileReference section */

/* Begin PBXFrameworksBuildPhase section */
		DC31DC8A1C83F93E00B7BFAC /* Frameworks */ = {
			isa = PBXFrameworksBuildPhase;
			buildActionMask = 2147483647;
			files = (
			);
			runOnlyForDeploymentPostprocessing = 0;
		};
		DC31DC9E1C83F93F00B7BFAC /* Frameworks */ = {
			isa = PBXFrameworksBuildPhase;
			buildActionMask = 2147483647;
			files = (
			);
			runOnlyForDeploymentPostprocessing = 0;
		};
		DC31DCA91C83F93F00B7BFAC /* Frameworks */ = {
			isa = PBXFrameworksBuildPhase;
			buildActionMask = 2147483647;
			files = (
			);
			runOnlyForDeploymentPostprocessing = 0;
		};
/* End PBXFrameworksBuildPhase section */

/* Begin PBXGroup section */
		DC31DC841C83F93E00B7BFAC = {
			isa = PBXGroup;
			children = (
				DC5386A51C88FBEF00999F49 /* DoorPractice.playground */,
				DC31DC8F1C83F93E00B7BFAC /* PushToPullPractice */,
				DC31DCA41C83F93F00B7BFAC /* PushToPullPracticeTests */,
				DC31DCAF1C83F93F00B7BFAC /* PushToPullPracticeUITests */,
				DC31DC8E1C83F93E00B7BFAC /* Products */,
			);
			sourceTree = "<group>";
		};
		DC31DC8E1C83F93E00B7BFAC /* Products */ = {
			isa = PBXGroup;
			children = (
				DC31DC8D1C83F93E00B7BFAC /* PushToPullPractice.app */,
				DC31DCA11C83F93F00B7BFAC /* PushToPullPracticeTests.xctest */,
				DC31DCAC1C83F93F00B7BFAC /* PushToPullPracticeUITests.xctest */,
			);
			name = Products;
			sourceTree = "<group>";
		};
		DC31DC8F1C83F93E00B7BFAC /* PushToPullPractice */ = {
			isa = PBXGroup;
			children = (
				DC31DC901C83F93E00B7BFAC /* AppDelegate.swift */,
				DC31DC921C83F93E00B7BFAC /* ViewController.swift */,
				DC5386A31C88EB5B00999F49 /* Door.swift */,
				DC034FCB1CA0E8F800A00886 /* Stage.swift */,
				DC5386A81C8A026500999F49 /* DoorView.swift */,
				DC174AA41CA3001800F26652 /* DoorViewAnimations.swift */,
				DC31DC941C83F93E00B7BFAC /* Main.storyboard */,
				DC31DC971C83F93E00B7BFAC /* Assets.xcassets */,
				DC31DC991C83F93E00B7BFAC /* LaunchScreen.storyboard */,
				DC31DC9C1C83F93E00B7BFAC /* Info.plist */,
			);
			path = PushToPullPractice;
			sourceTree = "<group>";
		};
		DC31DCA41C83F93F00B7BFAC /* PushToPullPracticeTests */ = {
			isa = PBXGroup;
			children = (
				DC31DCA51C83F93F00B7BFAC /* PushToPullPracticeTests.swift */,
				DC31DCA71C83F93F00B7BFAC /* Info.plist */,
			);
			path = PushToPullPracticeTests;
			sourceTree = "<group>";
		};
		DC31DCAF1C83F93F00B7BFAC /* PushToPullPracticeUITests */ = {
			isa = PBXGroup;
			children = (
				DC31DCB01C83F93F00B7BFAC /* PushToPullPracticeUITests.swift */,
				DC31DCB21C83F93F00B7BFAC /* Info.plist */,
			);
			path = PushToPullPracticeUITests;
			sourceTree = "<group>";
		};
/* End PBXGroup section */

/* Begin PBXNativeTarget section */
		DC31DC8C1C83F93E00B7BFAC /* PushToPullPractice */ = {
			isa = PBXNativeTarget;
			buildConfigurationList = DC31DCB51C83F93F00B7BFAC /* Build configuration list for PBXNativeTarget "PushToPullPractice" */;
			buildPhases = (
				DC31DC891C83F93E00B7BFAC /* Sources */,
				DC31DC8A1C83F93E00B7BFAC /* Frameworks */,
				DC31DC8B1C83F93E00B7BFAC /* Resources */,
			);
			buildRules = (
			);
			dependencies = (
			);
			name = PushToPullPractice;
			productName = PushToPullPractice;
			productReference = DC31DC8D1C83F93E00B7BFAC /* PushToPullPractice.app */;
			productType = "com.apple.product-type.application";
		};
		DC31DCA01C83F93F00B7BFAC /* PushToPullPracticeTests */ = {
			isa = PBXNativeTarget;
			buildConfigurationList = DC31DCB81C83F93F00B7BFAC /* Build configuration list for PBXNativeTarget "PushToPullPracticeTests" */;
			buildPhases = (
				DC31DC9D1C83F93F00B7BFAC /* Sources */,
				DC31DC9E1C83F93F00B7BFAC /* Frameworks */,
				DC31DC9F1C83F93F00B7BFAC /* Resources */,
			);
			buildRules = (
			);
			dependencies = (
				DC31DCA31C83F93F00B7BFAC /* PBXTargetDependency */,
			);
			name = PushToPullPracticeTests;
			productName = PushToPullPracticeTests;
			productReference = DC31DCA11C83F93F00B7BFAC /* PushToPullPracticeTests.xctest */;
			productType = "com.apple.product-type.bundle.unit-test";
		};
		DC31DCAB1C83F93F00B7BFAC /* PushToPullPracticeUITests */ = {
			isa = PBXNativeTarget;
			buildConfigurationList = DC31DCBB1C83F93F00B7BFAC /* Build configuration list for PBXNativeTarget "PushToPullPracticeUITests" */;
			buildPhases = (
				DC31DCA81C83F93F00B7BFAC /* Sources */,
				DC31DCA91C83F93F00B7BFAC /* Frameworks */,
				DC31DCAA1C83F93F00B7BFAC /* Resources */,
			);
			buildRules = (
			);
			dependencies = (
				DC31DCAE1C83F93F00B7BFAC /* PBXTargetDependency */,
			);
			name = PushToPullPracticeUITests;
			productName = PushToPullPracticeUITests;
			productReference = DC31DCAC1C83F93F00B7BFAC /* PushToPullPracticeUITests.xctest */;
			productType = "com.apple.product-type.bundle.ui-testing";
		};
/* End PBXNativeTarget section */

/* Begin PBXProject section */
		DC31DC851C83F93E00B7BFAC /* Project object */ = {
			isa = PBXProject;
			attributes = {
				LastSwiftUpdateCheck = 0720;
				LastUpgradeCheck = 0720;
				ORGANIZATIONNAME = "Prince Fungus";
				TargetAttributes = {
					DC31DC8C1C83F93E00B7BFAC = {
						CreatedOnToolsVersion = 7.2.1;
						DevelopmentTeam = LK75LRUFXF;
					};
					DC31DCA01C83F93F00B7BFAC = {
						CreatedOnToolsVersion = 7.2.1;
						DevelopmentTeam = LK75LRUFXF;
						TestTargetID = DC31DC8C1C83F93E00B7BFAC;
					};
					DC31DCAB1C83F93F00B7BFAC = {
						CreatedOnToolsVersion = 7.2.1;
						DevelopmentTeam = LK75LRUFXF;
						TestTargetID = DC31DC8C1C83F93E00B7BFAC;
					};
				};
			};
			buildConfigurationList = DC31DC881C83F93E00B7BFAC /* Build configuration list for PBXProject "PushToPullPractice" */;
			compatibilityVersion = "Xcode 3.2";
			developmentRegion = English;
			hasScannedForEncodings = 0;
			knownRegions = (
				en,
				Base,
			);
			mainGroup = DC31DC841C83F93E00B7BFAC;
			productRefGroup = DC31DC8E1C83F93E00B7BFAC /* Products */;
			projectDirPath = "";
			projectRoot = "";
			targets = (
				DC31DC8C1C83F93E00B7BFAC /* PushToPullPractice */,
				DC31DCA01C83F93F00B7BFAC /* PushToPullPracticeTests */,
				DC31DCAB1C83F93F00B7BFAC /* PushToPullPracticeUITests */,
			);
		};
/* End PBXProject section */

/* Begin PBXResourcesBuildPhase section */
		DC31DC8B1C83F93E00B7BFAC /* Resources */ = {
			isa = PBXResourcesBuildPhase;
			buildActionMask = 2147483647;
			files = (
				DC31DC9B1C83F93E00B7BFAC /* LaunchScreen.storyboard in Resources */,
				DC31DC981C83F93E00B7BFAC /* Assets.xcassets in Resources */,
				DC31DC961C83F93E00B7BFAC /* Main.storyboard in Resources */,
			);
			runOnlyForDeploymentPostprocessing = 0;
		};
		DC31DC9F1C83F93F00B7BFAC /* Resources */ = {
			isa = PBXResourcesBuildPhase;
			buildActionMask = 2147483647;
			files = (
			);
			runOnlyForDeploymentPostprocessing = 0;
		};
		DC31DCAA1C83F93F00B7BFAC /* Resources */ = {
			isa = PBXResourcesBuildPhase;
			buildActionMask = 2147483647;
			files = (
			);
			runOnlyForDeploymentPostprocessing = 0;
		};
/* End PBXResourcesBuildPhase section */

/* Begin PBXSourcesBuildPhase section */
		DC31DC891C83F93E00B7BFAC /* Sources */ = {
			isa = PBXSourcesBuildPhase;
			buildActionMask = 2147483647;
			files = (
				DC5386A91C8A026500999F49 /* DoorView.swift in Sources */,
				DC31DC931C83F93E00B7BFAC /* ViewController.swift in Sources */,
				DC5386A41C88EB5B00999F49 /* Door.swift in Sources */,
				DC31DC911C83F93E00B7BFAC /* AppDelegate.swift in Sources */,
				DC034FCC1CA0E8F800A00886 /* Stage.swift in Sources */,
				DC174AA51CA3001800F26652 /* DoorViewAnimations.swift in Sources */,
			);
			runOnlyForDeploymentPostprocessing = 0;
		};
		DC31DC9D1C83F93F00B7BFAC /* Sources */ = {
			isa = PBXSourcesBuildPhase;
			buildActionMask = 2147483647;
			files = (
				DC31DCA61C83F93F00B7BFAC /* PushToPullPracticeTests.swift in Sources */,
			);
			runOnlyForDeploymentPostprocessing = 0;
		};
		DC31DCA81C83F93F00B7BFAC /* Sources */ = {
			isa = PBXSourcesBuildPhase;
			buildActionMask = 2147483647;
			files = (
				DC31DCB11C83F93F00B7BFAC /* PushToPullPracticeUITests.swift in Sources */,
			);
			runOnlyForDeploymentPostprocessing = 0;
		};
/* End PBXSourcesBuildPhase section */

/* Begin PBXTargetDependency section */
		DC31DCA31C83F93F00B7BFAC /* PBXTargetDependency */ = {
			isa = PBXTargetDependency;
			target = DC31DC8C1C83F93E00B7BFAC /* PushToPullPractice */;
			targetProxy = DC31DCA21C83F93F00B7BFAC /* PBXContainerItemProxy */;
		};
		DC31DCAE1C83F93F00B7BFAC /* PBXTargetDependency */ = {
			isa = PBXTargetDependency;
			target = DC31DC8C1C83F93E00B7BFAC /* PushToPullPractice */;
			targetProxy = DC31DCAD1C83F93F00B7BFAC /* PBXContainerItemProxy */;
		};
/* End PBXTargetDependency section */

/* Begin PBXVariantGroup section */
		DC31DC941C83F93E00B7BFAC /* Main.storyboard */ = {
			isa = PBXVariantGroup;
			children = (
				DC31DC951C83F93E00B7BFAC /* Base */,
			);
			name = Main.storyboard;
			sourceTree = "<group>";
		};
		DC31DC991C83F93E00B7BFAC /* LaunchScreen.storyboard */ = {
			isa = PBXVariantGroup;
			children = (
				DC31DC9A1C83F93E00B7BFAC /* Base */,
			);
			name = LaunchScreen.storyboard;
			sourceTree = "<group>";
		};
/* End PBXVariantGroup section */

/* Begin XCBuildConfiguration section */
		DC31DCB31C83F93F00B7BFAC /* Debug */ = {
			isa = XCBuildConfiguration;
			buildSettings = {
				ALWAYS_SEARCH_USER_PATHS = NO;
				CLANG_CXX_LANGUAGE_STANDARD = "gnu++0x";
				CLANG_CXX_LIBRARY = "libc++";
				CLANG_ENABLE_MODULES = YES;
				CLANG_ENABLE_OBJC_ARC = YES;
				CLANG_WARN_BOOL_CONVERSION = YES;
				CLANG_WARN_CONSTANT_CONVERSION = YES;
				CLANG_WARN_DIRECT_OBJC_ISA_USAGE = YES_ERROR;
				CLANG_WARN_EMPTY_BODY = YES;
				CLANG_WARN_ENUM_CONVERSION = YES;
				CLANG_WARN_INT_CONVERSION = YES;
				CLANG_WARN_OBJC_ROOT_CLASS = YES_ERROR;
				CLANG_WARN_UNREACHABLE_CODE = YES;
				CLANG_WARN__DUPLICATE_METHOD_MATCH = YES;
				"CODE_SIGN_IDENTITY[sdk=iphoneos*]" = "iPhone Developer";
				COPY_PHASE_STRIP = NO;
				DEBUG_INFORMATION_FORMAT = dwarf;
				ENABLE_STRICT_OBJC_MSGSEND = YES;
				ENABLE_TESTABILITY = YES;
				GCC_C_LANGUAGE_STANDARD = gnu99;
				GCC_DYNAMIC_NO_PIC = NO;
				GCC_NO_COMMON_BLOCKS = YES;
				GCC_OPTIMIZATION_LEVEL = 0;
				GCC_PREPROCESSOR_DEFINITIONS = (
					"DEBUG=1",
					"$(inherited)",
				);
				GCC_WARN_64_TO_32_BIT_CONVERSION = YES;
				GCC_WARN_ABOUT_RETURN_TYPE = YES_ERROR;
				GCC_WARN_UNDECLARED_SELECTOR = YES;
				GCC_WARN_UNINITIALIZED_AUTOS = YES_AGGRESSIVE;
				GCC_WARN_UNUSED_FUNCTION = YES;
				GCC_WARN_UNUSED_VARIABLE = YES;
				IPHONEOS_DEPLOYMENT_TARGET = 9.2;
				MTL_ENABLE_DEBUG_INFO = YES;
				ONLY_ACTIVE_ARCH = YES;
				SDKROOT = iphoneos;
				SWIFT_OPTIMIZATION_LEVEL = "-Onone";
				TARGETED_DEVICE_FAMILY = "1,2";
			};
			name = Debug;
		};
		DC31DCB41C83F93F00B7BFAC /* Release */ = {
			isa = XCBuildConfiguration;
			buildSettings = {
				ALWAYS_SEARCH_USER_PATHS = NO;
				CLANG_CXX_LANGUAGE_STANDARD = "gnu++0x";
				CLANG_CXX_LIBRARY = "libc++";
				CLANG_ENABLE_MODULES = YES;
				CLANG_ENABLE_OBJC_ARC = YES;
				CLANG_WARN_BOOL_CONVERSION = YES;
				CLANG_WARN_CONSTANT_CONVERSION = YES;
				CLANG_WARN_DIRECT_OBJC_ISA_USAGE = YES_ERROR;
				CLANG_WARN_EMPTY_BODY = YES;
				CLANG_WARN_ENUM_CONVERSION = YES;
				CLANG_WARN_INT_CONVERSION = YES;
				CLANG_WARN_OBJC_ROOT_CLASS = YES_ERROR;
				CLANG_WARN_UNREACHABLE_CODE = YES;
				CLANG_WARN__DUPLICATE_METHOD_MATCH = YES;
				"CODE_SIGN_IDENTITY[sdk=iphoneos*]" = "iPhone Developer";
				COPY_PHASE_STRIP = NO;
				DEBUG_INFORMATION_FORMAT = "dwarf-with-dsym";
				ENABLE_NS_ASSERTIONS = NO;
				ENABLE_STRICT_OBJC_MSGSEND = YES;
				GCC_C_LANGUAGE_STANDARD = gnu99;
				GCC_NO_COMMON_BLOCKS = YES;
				GCC_WARN_64_TO_32_BIT_CONVERSION = YES;
				GCC_WARN_ABOUT_RETURN_TYPE = YES_ERROR;
				GCC_WARN_UNDECLARED_SELECTOR = YES;
				GCC_WARN_UNINITIALIZED_AUTOS = YES_AGGRESSIVE;
				GCC_WARN_UNUSED_FUNCTION = YES;
				GCC_WARN_UNUSED_VARIABLE = YES;
				IPHONEOS_DEPLOYMENT_TARGET = 9.2;
				MTL_ENABLE_DEBUG_INFO = NO;
				SDKROOT = iphoneos;
				TARGETED_DEVICE_FAMILY = "1,2";
				VALIDATE_PRODUCT = YES;
			};
			name = Release;
		};
		DC31DCB61C83F93F00B7BFAC /* Debug */ = {
			isa = XCBuildConfiguration;
			buildSettings = {
				ASSETCATALOG_COMPILER_APPICON_NAME = AppIcon;
				INFOPLIST_FILE = PushToPullPractice/Info.plist;
				LD_RUNPATH_SEARCH_PATHS = "$(inherited) @executable_path/Frameworks";
				PRODUCT_BUNDLE_IDENTIFIER = com.princefungus.PushToPullPractice;
				PRODUCT_NAME = "$(TARGET_NAME)";
			};
			name = Debug;
		};
		DC31DCB71C83F93F00B7BFAC /* Release */ = {
			isa = XCBuildConfiguration;
			buildSettings = {
				ASSETCATALOG_COMPILER_APPICON_NAME = AppIcon;
				INFOPLIST_FILE = PushToPullPractice/Info.plist;
				LD_RUNPATH_SEARCH_PATHS = "$(inherited) @executable_path/Frameworks";
				PRODUCT_BUNDLE_IDENTIFIER = com.princefungus.PushToPullPractice;
				PRODUCT_NAME = "$(TARGET_NAME)";
			};
			name = Release;
		};
		DC31DCB91C83F93F00B7BFAC /* Debug */ = {
			isa = XCBuildConfiguration;
			buildSettings = {
				BUNDLE_LOADER = "$(TEST_HOST)";
				INFOPLIST_FILE = PushToPullPracticeTests/Info.plist;
				LD_RUNPATH_SEARCH_PATHS = "$(inherited) @executable_path/Frameworks @loader_path/Frameworks";
				PRODUCT_BUNDLE_IDENTIFIER = com.princefungus.PushToPullPracticeTests;
				PRODUCT_NAME = "$(TARGET_NAME)";
				TEST_HOST = "$(BUILT_PRODUCTS_DIR)/PushToPullPractice.app/PushToPullPractice";
			};
			name = Debug;
		};
		DC31DCBA1C83F93F00B7BFAC /* Release */ = {
			isa = XCBuildConfiguration;
			buildSettings = {
				BUNDLE_LOADER = "$(TEST_HOST)";
				INFOPLIST_FILE = PushToPullPracticeTests/Info.plist;
				LD_RUNPATH_SEARCH_PATHS = "$(inherited) @executable_path/Frameworks @loader_path/Frameworks";
				PRODUCT_BUNDLE_IDENTIFIER = com.princefungus.PushToPullPracticeTests;
				PRODUCT_NAME = "$(TARGET_NAME)";
				TEST_HOST = "$(BUILT_PRODUCTS_DIR)/PushToPullPractice.app/PushToPullPractice";
			};
			name = Release;
		};
		DC31DCBC1C83F93F00B7BFAC /* Debug */ = {
			isa = XCBuildConfiguration;
			buildSettings = {
				INFOPLIST_FILE = PushToPullPracticeUITests/Info.plist;
				LD_RUNPATH_SEARCH_PATHS = "$(inherited) @executable_path/Frameworks @loader_path/Frameworks";
				PRODUCT_BUNDLE_IDENTIFIER = com.princefungus.PushToPullPracticeUITests;
				PRODUCT_NAME = "$(TARGET_NAME)";
				TEST_TARGET_NAME = PushToPullPractice;
				USES_XCTRUNNER = YES;
			};
			name = Debug;
		};
		DC31DCBD1C83F93F00B7BFAC /* Release */ = {
			isa = XCBuildConfiguration;
			buildSettings = {
				INFOPLIST_FILE = PushToPullPracticeUITests/Info.plist;
				LD_RUNPATH_SEARCH_PATHS = "$(inherited) @executable_path/Frameworks @loader_path/Frameworks";
				PRODUCT_BUNDLE_IDENTIFIER = com.princefungus.PushToPullPracticeUITests;
				PRODUCT_NAME = "$(TARGET_NAME)";
				TEST_TARGET_NAME = PushToPullPractice;
				USES_XCTRUNNER = YES;
			};
			name = Release;
		};
/* End XCBuildConfiguration section */

/* Begin XCConfigurationList section */
		DC31DC881C83F93E00B7BFAC /* Build configuration list for PBXProject "PushToPullPractice" */ = {
			isa = XCConfigurationList;
			buildConfigurations = (
				DC31DCB31C83F93F00B7BFAC /* Debug */,
				DC31DCB41C83F93F00B7BFAC /* Release */,
			);
			defaultConfigurationIsVisible = 0;
			defaultConfigurationName = Release;
		};
		DC31DCB51C83F93F00B7BFAC /* Build configuration list for PBXNativeTarget "PushToPullPractice" */ = {
			isa = XCConfigurationList;
			buildConfigurations = (
				DC31DCB61C83F93F00B7BFAC /* Debug */,
				DC31DCB71C83F93F00B7BFAC /* Release */,
			);
			defaultConfigurationIsVisible = 0;
			defaultConfigurationName = Release;
		};
		DC31DCB81C83F93F00B7BFAC /* Build configuration list for PBXNativeTarget "PushToPullPracticeTests" */ = {
			isa = XCConfigurationList;
			buildConfigurations = (
				DC31DCB91C83F93F00B7BFAC /* Debug */,
				DC31DCBA1C83F93F00B7BFAC /* Release */,
			);
			defaultConfigurationIsVisible = 0;
			defaultConfigurationName = Release;
		};
		DC31DCBB1C83F93F00B7BFAC /* Build configuration list for PBXNativeTarget "PushToPullPracticeUITests" */ = {
			isa = XCConfigurationList;
			buildConfigurations = (
				DC31DCBC1C83F93F00B7BFAC /* Debug */,
				DC31DCBD1C83F93F00B7BFAC /* Release */,
			);
			defaultConfigurationIsVisible = 0;
			defaultConfigurationName = Release;
		};
/* End XCConfigurationList section */
	};
	rootObject = DC31DC851C83F93E00B7BFAC /* Project object */;
}
